
Microsoft Visual Studio Solution File, Format Version 12.00
# Visual Studio Version 16
VisualStudioVersion = 16.0.29926.136
MinimumVisualStudioVersion = 10.0.40219.1
Project("{FAE04EC0-301F-11D3-BF4B-00C04F79EFBC}") = "HMW.Api", "HMW.Api\HMW.Api.csproj", "{56D7CF2F-86D6-48CA-9B94-6445FDC2B959}"
EndProject
Project("{FAE04EC0-301F-11D3-BF4B-00C04F79EFBC}") = "HMW.Core", "HMW.Core\HMW.Core.csproj", "{87988C88-9EC0-4AFF-9A57-80253A828E9A}"
EndProject
Global
	GlobalSection(SolutionConfigurationPlatforms) = preSolution
		Debug|Any CPU = Debug|Any CPU
		Release|Any CPU = Release|Any CPU
	EndGlobalSection
	GlobalSection(ProjectConfigurationPlatforms) = postSolution
		{56D7CF2F-86D6-48CA-9B94-6445FDC2B959}.Debug|Any CPU.ActiveCfg = Debug|Any CPU
		{56D7CF2F-86D6-48CA-9B94-6445FDC2B959}.Debug|Any CPU.Build.0 = Debug|Any CPU
		{56D7CF2F-86D6-48CA-9B94-6445FDC2B959}.Release|Any CPU.ActiveCfg = Release|Any CPU
		{56D7CF2F-86D6-48CA-9B94-6445FDC2B959}.Release|Any CPU.Build.0 = Release|Any CPU
		{87988C88-9EC0-4AFF-9A57-80253A828E9A}.Debug|Any CPU.ActiveCfg = Debug|Any CPU
		{87988C88-9EC0-4AFF-9A57-80253A828E9A}.Debug|Any CPU.Build.0 = Debug|Any CPU
		{87988C88-9EC0-4AFF-9A57-80253A828E9A}.Release|Any CPU.ActiveCfg = Release|Any CPU
		{87988C88-9EC0-4AFF-9A57-80253A828E9A}.Release|Any CPU.Build.0 = Release|Any CPU
	EndGlobalSection
	GlobalSection(SolutionProperties) = preSolution
		HideSolutionNode = FALSE
	EndGlobalSection
	GlobalSection(ExtensibilityGlobals) = postSolution
		SolutionGuid = {B890936B-053E-4EC9-8A02-0D62051F3CEF}
	EndGlobalSection
EndGlobal
